
Microsoft Visual Studio Solution File, Format Version 12.00
# Visual Studio 15
Project("{FAE04EC0-301F-11D3-BF4B-00C04F79EFBC}") = "FarLight", "Assembly-CSharp.csproj", "{7BEF1C67-2C7F-89B8-B0DC-9C39D6D12F8D}"
EndProject
Project("{FAE04EC0-301F-11D3-BF4B-00C04F79EFBC}") = "FarLight", "Assembly-CSharp-Editor.csproj", "{AFA76D04-4215-A903-CF95-8AD93872ACC6}"
EndProject
Global
	GlobalSection(SolutionConfigurationPlatforms) = preSolution
		Debug|Any CPU = Debug|Any CPU
		Release|Any CPU = Release|Any CPU
	EndGlobalSection
	GlobalSection(ProjectConfigurationPlatforms) = postSolution
		{7BEF1C67-2C7F-89B8-B0DC-9C39D6D12F8D}.Debug|Any CPU.ActiveCfg = Debug|Any CPU
		{7BEF1C67-2C7F-89B8-B0DC-9C39D6D12F8D}.Debug|Any CPU.Build.0 = Debug|Any CPU
		{7BEF1C67-2C7F-89B8-B0DC-9C39D6D12F8D}.Release|Any CPU.ActiveCfg = Release|Any CPU
		{7BEF1C67-2C7F-89B8-B0DC-9C39D6D12F8D}.Release|Any CPU.Build.0 = Release|Any CPU
		{AFA76D04-4215-A903-CF95-8AD93872ACC6}.Debug|Any CPU.ActiveCfg = Debug|Any CPU
		{AFA76D04-4215-A903-CF95-8AD93872ACC6}.Debug|Any CPU.Build.0 = Debug|Any CPU
		{AFA76D04-4215-A903-CF95-8AD93872ACC6}.Release|Any CPU.ActiveCfg = Release|Any CPU
		{AFA76D04-4215-A903-CF95-8AD93872ACC6}.Release|Any CPU.Build.0 = Release|Any CPU
	EndGlobalSection
	GlobalSection(SolutionProperties) = preSolution
		HideSolutionNode = FALSE
	EndGlobalSection
EndGlobal
